{
	"name": "@streamjar/frontend-common-core",
	"version": "1.3.12",
	"lockfileVersion": 1,
	"requires": true,
	"dependencies": {
		"@types/js-cookie": {
			"version": "2.2.0",
			"resolved": "https://npm.sjsrv.uk/@types%2fjs-cookie/-/js-cookie-2.2.0.tgz",
			"integrity": "sha512-k0umv2jvUvl1/OdOgFwEIPF6qKllf2jEsrd5ka9aVQo2ilxaBb2vsh1AmAAZ3eqt54vNrdbGW5QPOKJBmCNS7g=="
		},
		"js-cookie": {
			"version": "2.2.0",
			"resolved": "https://npm.sjsrv.uk/js-cookie/-/js-cookie-2.2.0.tgz",
			"integrity": "sha1-Gywnmm7s44ChIWi5JIUmWzWx7/s="
		}
	}
}
