{
	"name": "@streamjar/frontend-common-core",
	"version": "1.0.2",
	"lockfileVersion": 1,
	"requires": true,
	"dependencies": {
		"@types/js-cookie": {
			"version": "2.2.0",
			"resolved": "https://registry.npmjs.org/@types/js-cookie/-/js-cookie-2.2.0.tgz",
			"integrity": "sha512-k0umv2jvUvl1/OdOgFwEIPF6qKllf2jEsrd5ka9aVQo2ilxaBb2vsh1AmAAZ3eqt54vNrdbGW5QPOKJBmCNS7g=="
		},
		"js-cookie": {
			"version": "2.2.0",
			"resolved": "https://registry.npmjs.org/js-cookie/-/js-cookie-2.2.0.tgz",
			"integrity": "sha1-Gywnmm7s44ChIWi5JIUmWzWx7/s="
		},
		"lodash": {
			"version": "4.17.10",
			"resolved": "https://registry.npmjs.org/lodash/-/lodash-4.17.10.tgz",
			"integrity": "sha512-UejweD1pDoXu+AD825lWwp4ZGtSwgnpZxb3JDViD7StjQz+Nb/6l093lx4OQ0foGWNRoc19mWy7BzL+UAK2iVg=="
		},
		"lodash-es": {
			"version": "4.17.10",
			"resolved": "https://registry.npmjs.org/lodash-es/-/lodash-es-4.17.10.tgz",
			"integrity": "sha512-iesFYPmxYYGTcmQK0sL8bX3TGHyM6b2qREaB4kamHfQyfPJP0xgoGxp19nsH16nsfquLdiyKyX3mQkfiSGV8Rg=="
		},
		"rxjs": {
			"version": "6.3.2",
			"resolved": "https://registry.npmjs.org/rxjs/-/rxjs-6.3.2.tgz",
			"integrity": "sha512-hV7criqbR0pe7EeL3O66UYVg92IR0XsA97+9y+BWTePK9SKmEI5Qd3Zj6uPnGkNzXsBywBQWTvujPl+1Kn9Zjw==",
			"requires": {
				"tslib": "1.9.3"
			}
		},
		"tslib": {
			"version": "1.9.3",
			"resolved": "https://registry.npmjs.org/tslib/-/tslib-1.9.3.tgz",
			"integrity": "sha512-4krF8scpejhaOgqzBEcGM7yDIEfi0/8+8zDRZhNZZ2kjmHJ4hv3zCbQWxoJGz1iw5U0Jl0nma13xzHXcncMavQ=="
		}
	}
}
