{
	"name": "@streamjar/frontend-common-ng",
	"version": "0.0.0",
	"lockfileVersion": 1,
	"requires": true,
	"dependencies": {
		"@angular/core": {
			"version": "6.1.7",
			"resolved": "https://registry.npmjs.org/@angular/core/-/core-6.1.7.tgz",
			"integrity": "sha512-3MtS8EQy+saNcImDWghphOr/h3l5CpFnZW6aaHiL8T5CpTBNdB86uEmAwtiNQkJ0UeO+cztF1zNCzhm9R93/3w==",
			"requires": {
				"tslib": "1.9.3"
			}
		},
		"tslib": {
			"version": "1.9.3",
			"resolved": "https://registry.npmjs.org/tslib/-/tslib-1.9.3.tgz",
			"integrity": "sha512-4krF8scpejhaOgqzBEcGM7yDIEfi0/8+8zDRZhNZZ2kjmHJ4hv3zCbQWxoJGz1iw5U0Jl0nma13xzHXcncMavQ=="
		}
	}
}
