{
  "name": "@streamjar/frontend-common-ng",
  "version": "1.0.9",
  "lockfileVersion": 1,
  "requires": true,
  "dependencies": {
    "@streamjar/frontend-common-core": {
      "version": "1.0.9",
      "requires": {
        "@types/js-cookie": "2.2.0",
        "js-cookie": "2.2.0",
        "lodash": "4.17.10",
        "lodash-es": "4.17.10",
        "rxjs": "6.3.2"
      },
      "dependencies": {
        "@types/js-cookie": {
          "version": "2.2.0",
          "bundled": true
        },
        "js-cookie": {
          "version": "2.2.0",
          "bundled": true
        },
        "lodash": {
          "version": "4.17.10",
          "bundled": true
        },
        "lodash-es": {
          "version": "4.17.10",
          "bundled": true
        },
        "rxjs": {
          "version": "6.3.2",
          "bundled": true,
          "requires": {
            "tslib": "1.9.3"
          }
        },
        "tslib": {
          "version": "1.9.3",
          "bundled": true
        }
      }
    }
  }
}
